[root]
name = "git-brws"
version = "0.4.1"
dependencies = [
 "getopts 0.2.14 (registry+https://github.com/rust-lang/crates.io-index)",
 "open 1.1.1 (registry+https://github.com/rust-lang/crates.io-index)",
 "url 1.2.4 (registry+https://github.com/rust-lang/crates.io-index)",
]

[[package]]
name = "getopts"
version = "0.2.14"
source = "registry+https://github.com/rust-lang/crates.io-index"

[[package]]
name = "idna"
version = "0.1.0"
source = "registry+https://github.com/rust-lang/crates.io-index"
dependencies = [
 "matches 0.1.4 (registry+https://github.com/rust-lang/crates.io-index)",
 "unicode-bidi 0.2.4 (registry+https://github.com/rust-lang/crates.io-index)",
 "unicode-normalization 0.1.3 (registry+https://github.com/rust-lang/crates.io-index)",
]

[[package]]
name = "matches"
version = "0.1.4"
source = "registry+https://github.com/rust-lang/crates.io-index"

[[package]]
name = "open"
version = "1.1.1"
source = "registry+https://github.com/rust-lang/crates.io-index"

[[package]]
name = "unicode-bidi"
version = "0.2.4"
source = "registry+https://github.com/rust-lang/crates.io-index"
dependencies = [
 "matches 0.1.4 (registry+https://github.com/rust-lang/crates.io-index)",
]

[[package]]
name = "unicode-normalization"
version = "0.1.3"
source = "registry+https://github.com/rust-lang/crates.io-index"

[[package]]
name = "url"
version = "1.2.4"
source = "registry+https://github.com/rust-lang/crates.io-index"
dependencies = [
 "idna 0.1.0 (registry+https://github.com/rust-lang/crates.io-index)",
 "matches 0.1.4 (registry+https://github.com/rust-lang/crates.io-index)",
]

[metadata]
"checksum getopts 0.2.14 (registry+https://github.com/rust-lang/crates.io-index)" = "d9047cfbd08a437050b363d35ef160452c5fe8ea5187ae0a624708c91581d685"
"checksum idna 0.1.0 (registry+https://github.com/rust-lang/crates.io-index)" = "1053236e00ce4f668aeca4a769a09b3bf5a682d802abd6f3cb39374f6b162c11"
"checksum matches 0.1.4 (registry+https://github.com/rust-lang/crates.io-index)" = "efd7622e3022e1a6eaa602c4cea8912254e5582c9c692e9167714182244801b1"
"checksum open 1.1.1 (registry+https://github.com/rust-lang/crates.io-index)" = "c228597177bc4a6876e278f7c7948ac033bfcb4d163ccdd5a009557c8fe5fa1e"
"checksum unicode-bidi 0.2.4 (registry+https://github.com/rust-lang/crates.io-index)" = "b61814f3e7fd0e0f15370f767c7c943e08bc2e3214233ae8f88522b334ceb778"
"checksum unicode-normalization 0.1.3 (registry+https://github.com/rust-lang/crates.io-index)" = "5e94e9f6961090fcc75180629c4ef33e5310d6ed2c0dd173f4ca63c9043b669e"
"checksum url 1.2.4 (registry+https://github.com/rust-lang/crates.io-index)" = "f024e241a55f5c88401595adc1d4af0c9649e91da82d0e190fe55950231ae575"
